# This file is automatically @generated by Cargo.
# It is not intended for manual editing.
version = 3

[[package]]
name = "libc"
version = "0.2.98"
source = "registry+https://github.com/rust-lang/crates.io-index"
checksum = "320cfe77175da3a483efed4bc0adc1968ca050b098ce4f2f1c13a56626128790"

[[package]]
name = "memmap2"
version = "0.3.0"
source = "registry+https://github.com/rust-lang/crates.io-index"
checksum = "20ff203f7bdc401350b1dbaa0355135777d25f41c0bbc601851bbd6cf61e8ff5"
dependencies = [
 "libc",
]

[[package]]
name = "protobuf"
version = "2.24.1"
source = "registry+https://github.com/rust-lang/crates.io-index"
checksum = "db50e77ae196458ccd3dc58a31ea1a90b0698ab1b7928d89f644c25d72070267"

[[package]]
name = "write_a_log_package"
version = "0.1.0"
dependencies = [
 "memmap2",
 "protobuf",
]
